
Microsoft Visual Studio Solution File, Format Version 12.00
Project("{FAE04EC0-301F-11D3-BF4B-00C04F79EFBC}") = "ChatApp.Server", "ChatApp.Server\ChatApp.Server.csproj", "{F5D8F30F-4E2C-4D69-9C1E-E757EF482074}"
EndProject
Project("{FAE04EC0-301F-11D3-BF4B-00C04F79EFBC}") = "ChatApp.Shared", "..\ChatApp.Shared\ChatApp.Shared.csproj", "{3132198F-FABF-469F-8402-8462BB0B0C94}"
EndProject
Global
	GlobalSection(SolutionConfigurationPlatforms) = preSolution
		Debug|Any CPU = Debug|Any CPU
		Release|Any CPU = Release|Any CPU
	EndGlobalSection
	GlobalSection(ProjectConfigurationPlatforms) = postSolution
		{F5D8F30F-4E2C-4D69-9C1E-E757EF482074}.Debug|Any CPU.ActiveCfg = Debug|Any CPU
		{F5D8F30F-4E2C-4D69-9C1E-E757EF482074}.Debug|Any CPU.Build.0 = Debug|Any CPU
		{F5D8F30F-4E2C-4D69-9C1E-E757EF482074}.Release|Any CPU.ActiveCfg = Release|Any CPU
		{F5D8F30F-4E2C-4D69-9C1E-E757EF482074}.Release|Any CPU.Build.0 = Release|Any CPU
		{3132198F-FABF-469F-8402-8462BB0B0C94}.Debug|Any CPU.ActiveCfg = Debug|Any CPU
		{3132198F-FABF-469F-8402-8462BB0B0C94}.Debug|Any CPU.Build.0 = Debug|Any CPU
		{3132198F-FABF-469F-8402-8462BB0B0C94}.Release|Any CPU.ActiveCfg = Release|Any CPU
		{3132198F-FABF-469F-8402-8462BB0B0C94}.Release|Any CPU.Build.0 = Release|Any CPU
	EndGlobalSection
EndGlobal
